// !$*UTF8*$!
{
	archiveVersion = 1;
	classes = {
	};
	objectVersion = 50;
	objects = {

/* Begin PBXBuildFile section */
		9EE71FC6222901CD00C35CA4 /* AppDelegate.swift in Sources */ = {isa = PBXBuildFile; fileRef = 9EE71FC5222901CD00C35CA4 /* AppDelegate.swift */; };
		9EE71FC8222901CD00C35CA4 /* ViewController.swift in Sources */ = {isa = PBXBuildFile; fileRef = 9EE71FC7222901CD00C35CA4 /* ViewController.swift */; };
		9EE71FCB222901CD00C35CA4 /* Main.storyboard in Resources */ = {isa = PBXBuildFile; fileRef = 9EE71FC9222901CD00C35CA4 /* Main.storyboard */; };
		9EE71FCD222901D000C35CA4 /* Assets.xcassets in Resources */ = {isa = PBXBuildFile; fileRef = 9EE71FCC222901D000C35CA4 /* Assets.xcassets */; };
		9EE71FD0222901D000C35CA4 /* LaunchScreen.storyboard in Resources */ = {isa = PBXBuildFile; fileRef = 9EE71FCE222901D000C35CA4 /* LaunchScreen.storyboard */; };
		9EE71FDB222901D000C35CA4 /* WaterFallsFlowLayoutTests.swift in Sources */ = {isa = PBXBuildFile; fileRef = 9EE71FDA222901D000C35CA4 /* WaterFallsFlowLayoutTests.swift */; };
		9EE71FE6222901D000C35CA4 /* WaterFallsFlowLayoutUITests.swift in Sources */ = {isa = PBXBuildFile; fileRef = 9EE71FE5222901D000C35CA4 /* WaterFallsFlowLayoutUITests.swift */; };
		9EE71FF42229022600C35CA4 /* HCFallsFlowLayout.swift in Sources */ = {isa = PBXBuildFile; fileRef = 9EE71FF32229022600C35CA4 /* HCFallsFlowLayout.swift */; };
		9EE71FF62229025800C35CA4 /* HomeCollectionCell.swift in Sources */ = {isa = PBXBuildFile; fileRef = 9EE71FF52229025800C35CA4 /* HomeCollectionCell.swift */; };
/* End PBXBuildFile section */

/* Begin PBXContainerItemProxy section */
		9EE71FD7222901D000C35CA4 /* PBXContainerItemProxy */ = {
			isa = PBXContainerItemProxy;
			containerPortal = 9EE71FBA222901CD00C35CA4 /* Project object */;
			proxyType = 1;
			remoteGlobalIDString = 9EE71FC1222901CD00C35CA4;
			remoteInfo = WaterFallsFlowLayout;
		};
		9EE71FE2222901D000C35CA4 /* PBXContainerItemProxy */ = {
			isa = PBXContainerItemProxy;
			containerPortal = 9EE71FBA222901CD00C35CA4 /* Project object */;
			proxyType = 1;
			remoteGlobalIDString = 9EE71FC1222901CD00C35CA4;
			remoteInfo = WaterFallsFlowLayout;
		};
/* End PBXContainerItemProxy section */

/* Begin PBXFileReference section */
		9EE71FC2222901CD00C35CA4 /* WaterFallsFlowLayout.app */ = {isa = PBXFileReference; explicitFileType = wrapper.application; includeInIndex = 0; path = WaterFallsFlowLayout.app; sourceTree = BUILT_PRODUCTS_DIR; };
		9EE71FC5222901CD00C35CA4 /* AppDelegate.swift */ = {isa = PBXFileReference; lastKnownFileType = sourcecode.swift; path = AppDelegate.swift; sourceTree = "<group>"; };
		9EE71FC7222901CD00C35CA4 /* ViewController.swift */ = {isa = PBXFileReference; lastKnownFileType = sourcecode.swift; path = ViewController.swift; sourceTree = "<group>"; };
		9EE71FCA222901CD00C35CA4 /* Base */ = {isa = PBXFileReference; lastKnownFileType = file.storyboard; name = Base; path = Base.lproj/Main.storyboard; sourceTree = "<group>"; };
		9EE71FCC222901D000C35CA4 /* Assets.xcassets */ = {isa = PBXFileReference; lastKnownFileType = folder.assetcatalog; path = Assets.xcassets; sourceTree = "<group>"; };
		9EE71FCF222901D000C35CA4 /* Base */ = {isa = PBXFileReference; lastKnownFileType = file.storyboard; name = Base; path = Base.lproj/LaunchScreen.storyboard; sourceTree = "<group>"; };
		9EE71FD1222901D000C35CA4 /* Info.plist */ = {isa = PBXFileReference; lastKnownFileType = text.plist.xml; path = Info.plist; sourceTree = "<group>"; };
		9EE71FD6222901D000C35CA4 /* WaterFallsFlowLayoutTests.xctest */ = {isa = PBXFileReference; explicitFileType = wrapper.cfbundle; includeInIndex = 0; path = WaterFallsFlowLayoutTests.xctest; sourceTree = BUILT_PRODUCTS_DIR; };
		9EE71FDA222901D000C35CA4 /* WaterFallsFlowLayoutTests.swift */ = {isa = PBXFileReference; lastKnownFileType = sourcecode.swift; path = WaterFallsFlowLayoutTests.swift; sourceTree = "<group>"; };
		9EE71FDC222901D000C35CA4 /* Info.plist */ = {isa = PBXFileReference; lastKnownFileType = text.plist.xml; path = Info.plist; sourceTree = "<group>"; };
		9EE71FE1222901D000C35CA4 /* WaterFallsFlowLayoutUITests.xctest */ = {isa = PBXFileReference; explicitFileType = wrapper.cfbundle; includeInIndex = 0; path = WaterFallsFlowLayoutUITests.xctest; sourceTree = BUILT_PRODUCTS_DIR; };
		9EE71FE5222901D000C35CA4 /* WaterFallsFlowLayoutUITests.swift */ = {isa = PBXFileReference; lastKnownFileType = sourcecode.swift; path = WaterFallsFlowLayoutUITests.swift; sourceTree = "<group>"; };
		9EE71FE7222901D000C35CA4 /* Info.plist */ = {isa = PBXFileReference; lastKnownFileType = text.plist.xml; path = Info.plist; sourceTree = "<group>"; };
		9EE71FF32229022600C35CA4 /* HCFallsFlowLayout.swift */ = {isa = PBXFileReference; fileEncoding = 4; lastKnownFileType = sourcecode.swift; path = HCFallsFlowLayout.swift; sourceTree = "<group>"; };
		9EE71FF52229025800C35CA4 /* HomeCollectionCell.swift */ = {isa = PBXFileReference; fileEncoding = 4; lastKnownFileType = sourcecode.swift; path = HomeCollectionCell.swift; sourceTree = "<group>"; };
/* End PBXFileReference section */

/* Begin PBXFrameworksBuildPhase section */
		9EE71FBF222901CD00C35CA4 /* Frameworks */ = {
			isa = PBXFrameworksBuildPhase;
			buildActionMask = 2147483647;
			files = (
			);
			runOnlyForDeploymentPostprocessing = 0;
		};
		9EE71FD3222901D000C35CA4 /* Frameworks */ = {
			isa = PBXFrameworksBuildPhase;
			buildActionMask = 2147483647;
			files = (
			);
			runOnlyForDeploymentPostprocessing = 0;
		};
		9EE71FDE222901D000C35CA4 /* Frameworks */ = {
			isa = PBXFrameworksBuildPhase;
			buildActionMask = 2147483647;
			files = (
			);
			runOnlyForDeploymentPostprocessing = 0;
		};
/* End PBXFrameworksBuildPhase section */

/* Begin PBXGroup section */
		9EE71FB9222901CD00C35CA4 = {
			isa = PBXGroup;
			children = (
				9EE71FC4222901CD00C35CA4 /* WaterFallsFlowLayout */,
				9EE71FD9222901D000C35CA4 /* WaterFallsFlowLayoutTests */,
				9EE71FE4222901D000C35CA4 /* WaterFallsFlowLayoutUITests */,
				9EE71FC3222901CD00C35CA4 /* Products */,
			);
			sourceTree = "<group>";
		};
		9EE71FC3222901CD00C35CA4 /* Products */ = {
			isa = PBXGroup;
			children = (
				9EE71FC2222901CD00C35CA4 /* WaterFallsFlowLayout.app */,
				9EE71FD6222901D000C35CA4 /* WaterFallsFlowLayoutTests.xctest */,
				9EE71FE1222901D000C35CA4 /* WaterFallsFlowLayoutUITests.xctest */,
			);
			name = Products;
			sourceTree = "<group>";
		};
		9EE71FC4222901CD00C35CA4 /* WaterFallsFlowLayout */ = {
			isa = PBXGroup;
			children = (
				9EE71FC5222901CD00C35CA4 /* AppDelegate.swift */,
				9EE71FC7222901CD00C35CA4 /* ViewController.swift */,
				9EE71FF52229025800C35CA4 /* HomeCollectionCell.swift */,
				9EE71FF72229026000C35CA4 /* Layout */,
				9EE71FC9222901CD00C35CA4 /* Main.storyboard */,
				9EE71FCC222901D000C35CA4 /* Assets.xcassets */,
				9EE71FCE222901D000C35CA4 /* LaunchScreen.storyboard */,
				9EE71FD1222901D000C35CA4 /* Info.plist */,
			);
			path = WaterFallsFlowLayout;
			sourceTree = "<group>";
		};
		9EE71FD9222901D000C35CA4 /* WaterFallsFlowLayoutTests */ = {
			isa = PBXGroup;
			children = (
				9EE71FDA222901D000C35CA4 /* WaterFallsFlowLayoutTests.swift */,
				9EE71FDC222901D000C35CA4 /* Info.plist */,
			);
			path = WaterFallsFlowLayoutTests;
			sourceTree = "<group>";
		};
		9EE71FE4222901D000C35CA4 /* WaterFallsFlowLayoutUITests */ = {
			isa = PBXGroup;
			children = (
				9EE71FE5222901D000C35CA4 /* WaterFallsFlowLayoutUITests.swift */,
				9EE71FE7222901D000C35CA4 /* Info.plist */,
			);
			path = WaterFallsFlowLayoutUITests;
			sourceTree = "<group>";
		};
		9EE71FF72229026000C35CA4 /* Layout */ = {
			isa = PBXGroup;
			children = (
				9EE71FF32229022600C35CA4 /* HCFallsFlowLayout.swift */,
			);
			path = Layout;
			sourceTree = "<group>";
		};
/* End PBXGroup section */

/* Begin PBXNativeTarget section */
		9EE71FC1222901CD00C35CA4 /* WaterFallsFlowLayout */ = {
			isa = PBXNativeTarget;
			buildConfigurationList = 9EE71FEA222901D000C35CA4 /* Build configuration list for PBXNativeTarget "WaterFallsFlowLayout" */;
			buildPhases = (
				9EE71FBE222901CD00C35CA4 /* Sources */,
				9EE71FBF222901CD00C35CA4 /* Frameworks */,
				9EE71FC0222901CD00C35CA4 /* Resources */,
			);
			buildRules = (
			);
			dependencies = (
			);
			name = WaterFallsFlowLayout;
			productName = WaterFallsFlowLayout;
			productReference = 9EE71FC2222901CD00C35CA4 /* WaterFallsFlowLayout.app */;
			productType = "com.apple.product-type.application";
		};
		9EE71FD5222901D000C35CA4 /* WaterFallsFlowLayoutTests */ = {
			isa = PBXNativeTarget;
			buildConfigurationList = 9EE71FED222901D000C35CA4 /* Build configuration list for PBXNativeTarget "WaterFallsFlowLayoutTests" */;
			buildPhases = (
				9EE71FD2222901D000C35CA4 /* Sources */,
				9EE71FD3222901D000C35CA4 /* Frameworks */,
				9EE71FD4222901D000C35CA4 /* Resources */,
			);
			buildRules = (
			);
			dependencies = (
				9EE71FD8222901D000C35CA4 /* PBXTargetDependency */,
			);
			name = WaterFallsFlowLayoutTests;
			productName = WaterFallsFlowLayoutTests;
			productReference = 9EE71FD6222901D000C35CA4 /* WaterFallsFlowLayoutTests.xctest */;
			productType = "com.apple.product-type.bundle.unit-test";
		};
		9EE71FE0222901D000C35CA4 /* WaterFallsFlowLayoutUITests */ = {
			isa = PBXNativeTarget;
			buildConfigurationList = 9EE71FF0222901D000C35CA4 /* Build configuration list for PBXNativeTarget "WaterFallsFlowLayoutUITests" */;
			buildPhases = (
				9EE71FDD222901D000C35CA4 /* Sources */,
				9EE71FDE222901D000C35CA4 /* Frameworks */,
				9EE71FDF222901D000C35CA4 /* Resources */,
			);
			buildRules = (
			);
			dependencies = (
				9EE71FE3222901D000C35CA4 /* PBXTargetDependency */,
			);
			name = WaterFallsFlowLayoutUITests;
			productName = WaterFallsFlowLayoutUITests;
			productReference = 9EE71FE1222901D000C35CA4 /* WaterFallsFlowLayoutUITests.xctest */;
			productType = "com.apple.product-type.bundle.ui-testing";
		};
/* End PBXNativeTarget section */

/* Begin PBXProject section */
		9EE71FBA222901CD00C35CA4 /* Project object */ = {
			isa = PBXProject;
			attributes = {
				LastSwiftUpdateCheck = 1010;
				LastUpgradeCheck = 1010;
				ORGANIZATIONNAME = com.nsqk.chunqi.liu;
				TargetAttributes = {
					9EE71FC1222901CD00C35CA4 = {
						CreatedOnToolsVersion = 10.1;
					};
					9EE71FD5222901D000C35CA4 = {
						CreatedOnToolsVersion = 10.1;
						TestTargetID = 9EE71FC1222901CD00C35CA4;
					};
					9EE71FE0222901D000C35CA4 = {
						CreatedOnToolsVersion = 10.1;
						TestTargetID = 9EE71FC1222901CD00C35CA4;
					};
				};
			};
			buildConfigurationList = 9EE71FBD222901CD00C35CA4 /* Build configuration list for PBXProject "WaterFallsFlowLayout" */;
			compatibilityVersion = "Xcode 9.3";
			developmentRegion = en;
			hasScannedForEncodings = 0;
			knownRegions = (
				en,
				Base,
			);
			mainGroup = 9EE71FB9222901CD00C35CA4;
			productRefGroup = 9EE71FC3222901CD00C35CA4 /* Products */;
			projectDirPath = "";
			projectRoot = "";
			targets = (
				9EE71FC1222901CD00C35CA4 /* WaterFallsFlowLayout */,
				9EE71FD5222901D000C35CA4 /* WaterFallsFlowLayoutTests */,
				9EE71FE0222901D000C35CA4 /* WaterFallsFlowLayoutUITests */,
			);
		};
/* End PBXProject section */

/* Begin PBXResourcesBuildPhase section */
		9EE71FC0222901CD00C35CA4 /* Resources */ = {
			isa = PBXResourcesBuildPhase;
			buildActionMask = 2147483647;
			files = (
				9EE71FD0222901D000C35CA4 /* LaunchScreen.storyboard in Resources */,
				9EE71FCD222901D000C35CA4 /* Assets.xcassets in Resources */,
				9EE71FCB222901CD00C35CA4 /* Main.storyboard in Resources */,
			);
			runOnlyForDeploymentPostprocessing = 0;
		};
		9EE71FD4222901D000C35CA4 /* Resources */ = {
			isa = PBXResourcesBuildPhase;
			buildActionMask = 2147483647;
			files = (
			);
			runOnlyForDeploymentPostprocessing = 0;
		};
		9EE71FDF222901D000C35CA4 /* Resources */ = {
			isa = PBXResourcesBuildPhase;
			buildActionMask = 2147483647;
			files = (
			);
			runOnlyForDeploymentPostprocessing = 0;
		};
/* End PBXResourcesBuildPhase section */

/* Begin PBXSourcesBuildPhase section */
		9EE71FBE222901CD00C35CA4 /* Sources */ = {
			isa = PBXSourcesBuildPhase;
			buildActionMask = 2147483647;
			files = (
				9EE71FF62229025800C35CA4 /* HomeCollectionCell.swift in Sources */,
				9EE71FC8222901CD00C35CA4 /* ViewController.swift in Sources */,
				9EE71FF42229022600C35CA4 /* HCFallsFlowLayout.swift in Sources */,
				9EE71FC6222901CD00C35CA4 /* AppDelegate.swift in Sources */,
			);
			runOnlyForDeploymentPostprocessing = 0;
		};
		9EE71FD2222901D000C35CA4 /* Sources */ = {
			isa = PBXSourcesBuildPhase;
			buildActionMask = 2147483647;
			files = (
				9EE71FDB222901D000C35CA4 /* WaterFallsFlowLayoutTests.swift in Sources */,
			);
			runOnlyForDeploymentPostprocessing = 0;
		};
		9EE71FDD222901D000C35CA4 /* Sources */ = {
			isa = PBXSourcesBuildPhase;
			buildActionMask = 2147483647;
			files = (
				9EE71FE6222901D000C35CA4 /* WaterFallsFlowLayoutUITests.swift in Sources */,
			);
			runOnlyForDeploymentPostprocessing = 0;
		};
/* End PBXSourcesBuildPhase section */

/* Begin PBXTargetDependency section */
		9EE71FD8222901D000C35CA4 /* PBXTargetDependency */ = {
			isa = PBXTargetDependency;
			target = 9EE71FC1222901CD00C35CA4 /* WaterFallsFlowLayout */;
			targetProxy = 9EE71FD7222901D000C35CA4 /* PBXContainerItemProxy */;
		};
		9EE71FE3222901D000C35CA4 /* PBXTargetDependency */ = {
			isa = PBXTargetDependency;
			target = 9EE71FC1222901CD00C35CA4 /* WaterFallsFlowLayout */;
			targetProxy = 9EE71FE2222901D000C35CA4 /* PBXContainerItemProxy */;
		};
/* End PBXTargetDependency section */

/* Begin PBXVariantGroup section */
		9EE71FC9222901CD00C35CA4 /* Main.storyboard */ = {
			isa = PBXVariantGroup;
			children = (
				9EE71FCA222901CD00C35CA4 /* Base */,
			);
			name = Main.storyboard;
			sourceTree = "<group>";
		};
		9EE71FCE222901D000C35CA4 /* LaunchScreen.storyboard */ = {
			isa = PBXVariantGroup;
			children = (
				9EE71FCF222901D000C35CA4 /* Base */,
			);
			name = LaunchScreen.storyboard;
			sourceTree = "<group>";
		};
/* End PBXVariantGroup section */

/* Begin XCBuildConfiguration section */
		9EE71FE8222901D000C35CA4 /* Debug */ = {
			isa = XCBuildConfiguration;
			buildSettings = {
				ALWAYS_SEARCH_USER_PATHS = NO;
				CLANG_ANALYZER_NONNULL = YES;
				CLANG_ANALYZER_NUMBER_OBJECT_CONVERSION = YES_AGGRESSIVE;
				CLANG_CXX_LANGUAGE_STANDARD = "gnu++14";
				CLANG_CXX_LIBRARY = "libc++";
				CLANG_ENABLE_MODULES = YES;
				CLANG_ENABLE_OBJC_ARC = YES;
				CLANG_ENABLE_OBJC_WEAK = YES;
				CLANG_WARN_BLOCK_CAPTURE_AUTORELEASING = YES;
				CLANG_WARN_BOOL_CONVERSION = YES;
				CLANG_WARN_COMMA = YES;
				CLANG_WARN_CONSTANT_CONVERSION = YES;
				CLANG_WARN_DEPRECATED_OBJC_IMPLEMENTATIONS = YES;
				CLANG_WARN_DIRECT_OBJC_ISA_USAGE = YES_ERROR;
				CLANG_WARN_DOCUMENTATION_COMMENTS = YES;
				CLANG_WARN_EMPTY_BODY = YES;
				CLANG_WARN_ENUM_CONVERSION = YES;
				CLANG_WARN_INFINITE_RECURSION = YES;
				CLANG_WARN_INT_CONVERSION = YES;
				CLANG_WARN_NON_LITERAL_NULL_CONVERSION = YES;
				CLANG_WARN_OBJC_IMPLICIT_RETAIN_SELF = YES;
				CLANG_WARN_OBJC_LITERAL_CONVERSION = YES;
				CLANG_WARN_OBJC_ROOT_CLASS = YES_ERROR;
				CLANG_WARN_RANGE_LOOP_ANALYSIS = YES;
				CLANG_WARN_STRICT_PROTOTYPES = YES;
				CLANG_WARN_SUSPICIOUS_MOVE = YES;
				CLANG_WARN_UNGUARDED_AVAILABILITY = YES_AGGRESSIVE;
				CLANG_WARN_UNREACHABLE_CODE = YES;
				CLANG_WARN__DUPLICATE_METHOD_MATCH = YES;
				CODE_SIGN_IDENTITY = "iPhone Developer";
				COPY_PHASE_STRIP = NO;
				DEBUG_INFORMATION_FORMAT = dwarf;
				ENABLE_STRICT_OBJC_MSGSEND = YES;
				ENABLE_TESTABILITY = YES;
				GCC_C_LANGUAGE_STANDARD = gnu11;
				GCC_DYNAMIC_NO_PIC = NO;
				GCC_NO_COMMON_BLOCKS = YES;
				GCC_OPTIMIZATION_LEVEL = 0;
				GCC_PREPROCESSOR_DEFINITIONS = (
					"DEBUG=1",
					"$(inherited)",
				);
				GCC_WARN_64_TO_32_BIT_CONVERSION = YES;
				GCC_WARN_ABOUT_RETURN_TYPE = YES_ERROR;
				GCC_WARN_UNDECLARED_SELECTOR = YES;
				GCC_WARN_UNINITIALIZED_AUTOS = YES_AGGRESSIVE;
				GCC_WARN_UNUSED_FUNCTION = YES;
				GCC_WARN_UNUSED_VARIABLE = YES;
				IPHONEOS_DEPLOYMENT_TARGET = 12.1;
				MTL_ENABLE_DEBUG_INFO = INCLUDE_SOURCE;
				MTL_FAST_MATH = YES;
				ONLY_ACTIVE_ARCH = YES;
				SDKROOT = iphoneos;
				SWIFT_ACTIVE_COMPILATION_CONDITIONS = DEBUG;
				SWIFT_OPTIMIZATION_LEVEL = "-Onone";
			};
			name = Debug;
		};
		9EE71FE9222901D000C35CA4 /* Release */ = {
			isa = XCBuildConfiguration;
			buildSettings = {
				ALWAYS_SEARCH_USER_PATHS = NO;
				CLANG_ANALYZER_NONNULL = YES;
				CLANG_ANALYZER_NUMBER_OBJECT_CONVERSION = YES_AGGRESSIVE;
				CLANG_CXX_LANGUAGE_STANDARD = "gnu++14";
				CLANG_CXX_LIBRARY = "libc++";
				CLANG_ENABLE_MODULES = YES;
				CLANG_ENABLE_OBJC_ARC = YES;
				CLANG_ENABLE_OBJC_WEAK = YES;
				CLANG_WARN_BLOCK_CAPTURE_AUTORELEASING = YES;
				CLANG_WARN_BOOL_CONVERSION = YES;
				CLANG_WARN_COMMA = YES;
				CLANG_WARN_CONSTANT_CONVERSION = YES;
				CLANG_WARN_DEPRECATED_OBJC_IMPLEMENTATIONS = YES;
				CLANG_WARN_DIRECT_OBJC_ISA_USAGE = YES_ERROR;
				CLANG_WARN_DOCUMENTATION_COMMENTS = YES;
				CLANG_WARN_EMPTY_BODY = YES;
				CLANG_WARN_ENUM_CONVERSION = YES;
				CLANG_WARN_INFINITE_RECURSION = YES;
				CLANG_WARN_INT_CONVERSION = YES;
				CLANG_WARN_NON_LITERAL_NULL_CONVERSION = YES;
				CLANG_WARN_OBJC_IMPLICIT_RETAIN_SELF = YES;
				CLANG_WARN_OBJC_LITERAL_CONVERSION = YES;
				CLANG_WARN_OBJC_ROOT_CLASS = YES_ERROR;
				CLANG_WARN_RANGE_LOOP_ANALYSIS = YES;
				CLANG_WARN_STRICT_PROTOTYPES = YES;
				CLANG_WARN_SUSPICIOUS_MOVE = YES;
				CLANG_WARN_UNGUARDED_AVAILABILITY = YES_AGGRESSIVE;
				CLANG_WARN_UNREACHABLE_CODE = YES;
				CLANG_WARN__DUPLICATE_METHOD_MATCH = YES;
				CODE_SIGN_IDENTITY = "iPhone Developer";
				COPY_PHASE_STRIP = NO;
				DEBUG_INFORMATION_FORMAT = "dwarf-with-dsym";
				ENABLE_NS_ASSERTIONS = NO;
				ENABLE_STRICT_OBJC_MSGSEND = YES;
				GCC_C_LANGUAGE_STANDARD = gnu11;
				GCC_NO_COMMON_BLOCKS = YES;
				GCC_WARN_64_TO_32_BIT_CONVERSION = YES;
				GCC_WARN_ABOUT_RETURN_TYPE = YES_ERROR;
				GCC_WARN_UNDECLARED_SELECTOR = YES;
				GCC_WARN_UNINITIALIZED_AUTOS = YES_AGGRESSIVE;
				GCC_WARN_UNUSED_FUNCTION = YES;
				GCC_WARN_UNUSED_VARIABLE = YES;
				IPHONEOS_DEPLOYMENT_TARGET = 12.1;
				MTL_ENABLE_DEBUG_INFO = NO;
				MTL_FAST_MATH = YES;
				SDKROOT = iphoneos;
				SWIFT_COMPILATION_MODE = wholemodule;
				SWIFT_OPTIMIZATION_LEVEL = "-O";
				VALIDATE_PRODUCT = YES;
			};
			name = Release;
		};
		9EE71FEB222901D000C35CA4 /* Debug */ = {
			isa = XCBuildConfiguration;
			buildSettings = {
				ASSETCATALOG_COMPILER_APPICON_NAME = AppIcon;
				CODE_SIGN_STYLE = Automatic;
				DEVELOPMENT_TEAM = F78LPF3QPC;
				INFOPLIST_FILE = WaterFallsFlowLayout/Info.plist;
				LD_RUNPATH_SEARCH_PATHS = (
					"$(inherited)",
					"@executable_path/Frameworks",
				);
				PRODUCT_BUNDLE_IDENTIFIER = Charlotte.WaterFallsFlowLayout;
				PRODUCT_NAME = "$(TARGET_NAME)";
				SWIFT_VERSION = 4.2;
				TARGETED_DEVICE_FAMILY = "1,2";
			};
			name = Debug;
		};
		9EE71FEC222901D000C35CA4 /* Release */ = {
			isa = XCBuildConfiguration;
			buildSettings = {
				ASSETCATALOG_COMPILER_APPICON_NAME = AppIcon;
				CODE_SIGN_STYLE = Automatic;
				DEVELOPMENT_TEAM = F78LPF3QPC;
				INFOPLIST_FILE = WaterFallsFlowLayout/Info.plist;
				LD_RUNPATH_SEARCH_PATHS = (
					"$(inherited)",
					"@executable_path/Frameworks",
				);
				PRODUCT_BUNDLE_IDENTIFIER = Charlotte.WaterFallsFlowLayout;
				PRODUCT_NAME = "$(TARGET_NAME)";
				SWIFT_VERSION = 4.2;
				TARGETED_DEVICE_FAMILY = "1,2";
			};
			name = Release;
		};
		9EE71FEE222901D000C35CA4 /* Debug */ = {
			isa = XCBuildConfiguration;
			buildSettings = {
				ALWAYS_EMBED_SWIFT_STANDARD_LIBRARIES = YES;
				BUNDLE_LOADER = "$(TEST_HOST)";
				CODE_SIGN_STYLE = Automatic;
				DEVELOPMENT_TEAM = F78LPF3QPC;
				INFOPLIST_FILE = WaterFallsFlowLayoutTests/Info.plist;
				LD_RUNPATH_SEARCH_PATHS = (
					"$(inherited)",
					"@executable_path/Frameworks",
					"@loader_path/Frameworks",
				);
				PRODUCT_BUNDLE_IDENTIFIER = Charlotte.WaterFallsFlowLayoutTests;
				PRODUCT_NAME = "$(TARGET_NAME)";
				SWIFT_VERSION = 4.2;
				TARGETED_DEVICE_FAMILY = "1,2";
				TEST_HOST = "$(BUILT_PRODUCTS_DIR)/WaterFallsFlowLayout.app/WaterFallsFlowLayout";
			};
			name = Debug;
		};
		9EE71FEF222901D000C35CA4 /* Release */ = {
			isa = XCBuildConfiguration;
			buildSettings = {
				ALWAYS_EMBED_SWIFT_STANDARD_LIBRARIES = YES;
				BUNDLE_LOADER = "$(TEST_HOST)";
				CODE_SIGN_STYLE = Automatic;
				DEVELOPMENT_TEAM = F78LPF3QPC;
				INFOPLIST_FILE = WaterFallsFlowLayoutTests/Info.plist;
				LD_RUNPATH_SEARCH_PATHS = (
					"$(inherited)",
					"@executable_path/Frameworks",
					"@loader_path/Frameworks",
				);
				PRODUCT_BUNDLE_IDENTIFIER = Charlotte.WaterFallsFlowLayoutTests;
				PRODUCT_NAME = "$(TARGET_NAME)";
				SWIFT_VERSION = 4.2;
				TARGETED_DEVICE_FAMILY = "1,2";
				TEST_HOST = "$(BUILT_PRODUCTS_DIR)/WaterFallsFlowLayout.app/WaterFallsFlowLayout";
			};
			name = Release;
		};
		9EE71FF1222901D000C35CA4 /* Debug */ = {
			isa = XCBuildConfiguration;
			buildSettings = {
				ALWAYS_EMBED_SWIFT_STANDARD_LIBRARIES = YES;
				CODE_SIGN_STYLE = Automatic;
				DEVELOPMENT_TEAM = F78LPF3QPC;
				INFOPLIST_FILE = WaterFallsFlowLayoutUITests/Info.plist;
				LD_RUNPATH_SEARCH_PATHS = (
					"$(inherited)",
					"@executable_path/Frameworks",
					"@loader_path/Frameworks",
				);
				PRODUCT_BUNDLE_IDENTIFIER = Charlotte.WaterFallsFlowLayoutUITests;
				PRODUCT_NAME = "$(TARGET_NAME)";
				SWIFT_VERSION = 4.2;
				TARGETED_DEVICE_FAMILY = "1,2";
				TEST_TARGET_NAME = WaterFallsFlowLayout;
			};
			name = Debug;
		};
		9EE71FF2222901D000C35CA4 /* Release */ = {
			isa = XCBuildConfiguration;
			buildSettings = {
				ALWAYS_EMBED_SWIFT_STANDARD_LIBRARIES = YES;
				CODE_SIGN_STYLE = Automatic;
				DEVELOPMENT_TEAM = F78LPF3QPC;
				INFOPLIST_FILE = WaterFallsFlowLayoutUITests/Info.plist;
				LD_RUNPATH_SEARCH_PATHS = (
					"$(inherited)",
					"@executable_path/Frameworks",
					"@loader_path/Frameworks",
				);
				PRODUCT_BUNDLE_IDENTIFIER = Charlotte.WaterFallsFlowLayoutUITests;
				PRODUCT_NAME = "$(TARGET_NAME)";
				SWIFT_VERSION = 4.2;
				TARGETED_DEVICE_FAMILY = "1,2";
				TEST_TARGET_NAME = WaterFallsFlowLayout;
			};
			name = Release;
		};
/* End XCBuildConfiguration section */

/* Begin XCConfigurationList section */
		9EE71FBD222901CD00C35CA4 /* Build configuration list for PBXProject "WaterFallsFlowLayout" */ = {
			isa = XCConfigurationList;
			buildConfigurations = (
				9EE71FE8222901D000C35CA4 /* Debug */,
				9EE71FE9222901D000C35CA4 /* Release */,
			);
			defaultConfigurationIsVisible = 0;
			defaultConfigurationName = Release;
		};
		9EE71FEA222901D000C35CA4 /* Build configuration list for PBXNativeTarget "WaterFallsFlowLayout" */ = {
			isa = XCConfigurationList;
			buildConfigurations = (
				9EE71FEB222901D000C35CA4 /* Debug */,
				9EE71FEC222901D000C35CA4 /* Release */,
			);
			defaultConfigurationIsVisible = 0;
			defaultConfigurationName = Release;
		};
		9EE71FED222901D000C35CA4 /* Build configuration list for PBXNativeTarget "WaterFallsFlowLayoutTests" */ = {
			isa = XCConfigurationList;
			buildConfigurations = (
				9EE71FEE222901D000C35CA4 /* Debug */,
				9EE71FEF222901D000C35CA4 /* Release */,
			);
			defaultConfigurationIsVisible = 0;
			defaultConfigurationName = Release;
		};
		9EE71FF0222901D000C35CA4 /* Build configuration list for PBXNativeTarget "WaterFallsFlowLayoutUITests" */ = {
			isa = XCConfigurationList;
			buildConfigurations = (
				9EE71FF1222901D000C35CA4 /* Debug */,
				9EE71FF2222901D000C35CA4 /* Release */,
			);
			defaultConfigurationIsVisible = 0;
			defaultConfigurationName = Release;
		};
/* End XCConfigurationList section */
	};
	rootObject = 9EE71FBA222901CD00C35CA4 /* Project object */;
}
